// !$*UTF8*$!
{
	archiveVersion = 1;
	classes = {
	};
	objectVersion = 50;
	objects = {

/* Begin PBXBuildFile section */
		D43159D525B726C3003A5829 /* AppDelegate.swift in Sources */ = {isa = PBXBuildFile; fileRef = D43159D425B726C3003A5829 /* AppDelegate.swift */; };
		D43159D725B726C3003A5829 /* SceneDelegate.swift in Sources */ = {isa = PBXBuildFile; fileRef = D43159D625B726C3003A5829 /* SceneDelegate.swift */; };
		D43159D925B726C3003A5829 /* ViewController.swift in Sources */ = {isa = PBXBuildFile; fileRef = D43159D825B726C3003A5829 /* ViewController.swift */; };
		D43159DC25B726C3003A5829 /* Main.storyboard in Resources */ = {isa = PBXBuildFile; fileRef = D43159DA25B726C3003A5829 /* Main.storyboard */; };
		D43159DE25B726C5003A5829 /* Assets.xcassets in Resources */ = {isa = PBXBuildFile; fileRef = D43159DD25B726C5003A5829 /* Assets.xcassets */; };
		D43159E125B726C5003A5829 /* LaunchScreen.storyboard in Resources */ = {isa = PBXBuildFile; fileRef = D43159DF25B726C5003A5829 /* LaunchScreen.storyboard */; };
		D43159EC25B726C6003A5829 /* tutorialTests.swift in Sources */ = {isa = PBXBuildFile; fileRef = D43159EB25B726C6003A5829 /* tutorialTests.swift */; };
		D43159F725B726C6003A5829 /* tutorialUITests.swift in Sources */ = {isa = PBXBuildFile; fileRef = D43159F625B726C6003A5829 /* tutorialUITests.swift */; };
		D4315A0E25B813EF003A5829 /* FeatureViewController.swift in Sources */ = {isa = PBXBuildFile; fileRef = D4315A0D25B813EF003A5829 /* FeatureViewController.swift */; };
/* End PBXBuildFile section */

/* Begin PBXContainerItemProxy section */
		D43159E825B726C6003A5829 /* PBXContainerItemProxy */ = {
			isa = PBXContainerItemProxy;
			containerPortal = D43159C925B726C2003A5829 /* Project object */;
			proxyType = 1;
			remoteGlobalIDString = D43159D025B726C3003A5829;
			remoteInfo = tutorial;
		};
		D43159F325B726C6003A5829 /* PBXContainerItemProxy */ = {
			isa = PBXContainerItemProxy;
			containerPortal = D43159C925B726C2003A5829 /* Project object */;
			proxyType = 1;
			remoteGlobalIDString = D43159D025B726C3003A5829;
			remoteInfo = tutorial;
		};
/* End PBXContainerItemProxy section */

/* Begin PBXFileReference section */
		D43159D125B726C3003A5829 /* tutorial.app */ = {isa = PBXFileReference; explicitFileType = wrapper.application; includeInIndex = 0; path = tutorial.app; sourceTree = BUILT_PRODUCTS_DIR; };
		D43159D425B726C3003A5829 /* AppDelegate.swift */ = {isa = PBXFileReference; lastKnownFileType = sourcecode.swift; path = AppDelegate.swift; sourceTree = "<group>"; };
		D43159D625B726C3003A5829 /* SceneDelegate.swift */ = {isa = PBXFileReference; lastKnownFileType = sourcecode.swift; path = SceneDelegate.swift; sourceTree = "<group>"; };
		D43159D825B726C3003A5829 /* ViewController.swift */ = {isa = PBXFileReference; lastKnownFileType = sourcecode.swift; path = ViewController.swift; sourceTree = "<group>"; };
		D43159DB25B726C3003A5829 /* Base */ = {isa = PBXFileReference; lastKnownFileType = file.storyboard; name = Base; path = Base.lproj/Main.storyboard; sourceTree = "<group>"; };
		D43159DD25B726C5003A5829 /* Assets.xcassets */ = {isa = PBXFileReference; lastKnownFileType = folder.assetcatalog; path = Assets.xcassets; sourceTree = "<group>"; };
		D43159E025B726C5003A5829 /* Base */ = {isa = PBXFileReference; lastKnownFileType = file.storyboard; name = Base; path = Base.lproj/LaunchScreen.storyboard; sourceTree = "<group>"; };
		D43159E225B726C5003A5829 /* Info.plist */ = {isa = PBXFileReference; lastKnownFileType = text.plist.xml; path = Info.plist; sourceTree = "<group>"; };
		D43159E725B726C6003A5829 /* tutorialTests.xctest */ = {isa = PBXFileReference; explicitFileType = wrapper.cfbundle; includeInIndex = 0; path = tutorialTests.xctest; sourceTree = BUILT_PRODUCTS_DIR; };
		D43159EB25B726C6003A5829 /* tutorialTests.swift */ = {isa = PBXFileReference; lastKnownFileType = sourcecode.swift; path = tutorialTests.swift; sourceTree = "<group>"; };
		D43159ED25B726C6003A5829 /* Info.plist */ = {isa = PBXFileReference; lastKnownFileType = text.plist.xml; path = Info.plist; sourceTree = "<group>"; };
		D43159F225B726C6003A5829 /* tutorialUITests.xctest */ = {isa = PBXFileReference; explicitFileType = wrapper.cfbundle; includeInIndex = 0; path = tutorialUITests.xctest; sourceTree = BUILT_PRODUCTS_DIR; };
		D43159F625B726C6003A5829 /* tutorialUITests.swift */ = {isa = PBXFileReference; lastKnownFileType = sourcecode.swift; path = tutorialUITests.swift; sourceTree = "<group>"; };
		D43159F825B726C6003A5829 /* Info.plist */ = {isa = PBXFileReference; lastKnownFileType = text.plist.xml; path = Info.plist; sourceTree = "<group>"; };
		D4315A0D25B813EF003A5829 /* FeatureViewController.swift */ = {isa = PBXFileReference; lastKnownFileType = sourcecode.swift; path = FeatureViewController.swift; sourceTree = "<group>"; };
/* End PBXFileReference section */

/* Begin PBXFrameworksBuildPhase section */
		D43159CE25B726C3003A5829 /* Frameworks */ = {
			isa = PBXFrameworksBuildPhase;
			buildActionMask = 2147483647;
			files = (
			);
			runOnlyForDeploymentPostprocessing = 0;
		};
		D43159E425B726C6003A5829 /* Frameworks */ = {
			isa = PBXFrameworksBuildPhase;
			buildActionMask = 2147483647;
			files = (
			);
			runOnlyForDeploymentPostprocessing = 0;
		};
		D43159EF25B726C6003A5829 /* Frameworks */ = {
			isa = PBXFrameworksBuildPhase;
			buildActionMask = 2147483647;
			files = (
			);
			runOnlyForDeploymentPostprocessing = 0;
		};
/* End PBXFrameworksBuildPhase section */

/* Begin PBXGroup section */
		D43159C825B726C2003A5829 = {
			isa = PBXGroup;
			children = (
				D43159D325B726C3003A5829 /* tutorial */,
				D43159EA25B726C6003A5829 /* tutorialTests */,
				D43159F525B726C6003A5829 /* tutorialUITests */,
				D43159D225B726C3003A5829 /* Products */,
			);
			sourceTree = "<group>";
		};
		D43159D225B726C3003A5829 /* Products */ = {
			isa = PBXGroup;
			children = (
				D43159D125B726C3003A5829 /* tutorial.app */,
				D43159E725B726C6003A5829 /* tutorialTests.xctest */,
				D43159F225B726C6003A5829 /* tutorialUITests.xctest */,
			);
			name = Products;
			sourceTree = "<group>";
		};
		D43159D325B726C3003A5829 /* tutorial */ = {
			isa = PBXGroup;
			children = (
				D43159D425B726C3003A5829 /* AppDelegate.swift */,
				D43159D625B726C3003A5829 /* SceneDelegate.swift */,
				D43159D825B726C3003A5829 /* ViewController.swift */,
				D4315A0D25B813EF003A5829 /* FeatureViewController.swift */,
				D43159DA25B726C3003A5829 /* Main.storyboard */,
				D43159DD25B726C5003A5829 /* Assets.xcassets */,
				D43159DF25B726C5003A5829 /* LaunchScreen.storyboard */,
				D43159E225B726C5003A5829 /* Info.plist */,
			);
			path = tutorial;
			sourceTree = "<group>";
		};
		D43159EA25B726C6003A5829 /* tutorialTests */ = {
			isa = PBXGroup;
			children = (
				D43159EB25B726C6003A5829 /* tutorialTests.swift */,
				D43159ED25B726C6003A5829 /* Info.plist */,
			);
			path = tutorialTests;
			sourceTree = "<group>";
		};
		D43159F525B726C6003A5829 /* tutorialUITests */ = {
			isa = PBXGroup;
			children = (
				D43159F625B726C6003A5829 /* tutorialUITests.swift */,
				D43159F825B726C6003A5829 /* Info.plist */,
			);
			path = tutorialUITests;
			sourceTree = "<group>";
		};
/* End PBXGroup section */

/* Begin PBXNativeTarget section */
		D43159D025B726C3003A5829 /* tutorial */ = {
			isa = PBXNativeTarget;
			buildConfigurationList = D43159FB25B726C6003A5829 /* Build configuration list for PBXNativeTarget "tutorial" */;
			buildPhases = (
				D43159CD25B726C3003A5829 /* Sources */,
				D43159CE25B726C3003A5829 /* Frameworks */,
				D43159CF25B726C3003A5829 /* Resources */,
			);
			buildRules = (
			);
			dependencies = (
			);
			name = tutorial;
			productName = tutorial;
			productReference = D43159D125B726C3003A5829 /* tutorial.app */;
			productType = "com.apple.product-type.application";
		};
		D43159E625B726C6003A5829 /* tutorialTests */ = {
			isa = PBXNativeTarget;
			buildConfigurationList = D43159FE25B726C6003A5829 /* Build configuration list for PBXNativeTarget "tutorialTests" */;
			buildPhases = (
				D43159E325B726C6003A5829 /* Sources */,
				D43159E425B726C6003A5829 /* Frameworks */,
				D43159E525B726C6003A5829 /* Resources */,
			);
			buildRules = (
			);
			dependencies = (
				D43159E925B726C6003A5829 /* PBXTargetDependency */,
			);
			name = tutorialTests;
			productName = tutorialTests;
			productReference = D43159E725B726C6003A5829 /* tutorialTests.xctest */;
			productType = "com.apple.product-type.bundle.unit-test";
		};
		D43159F125B726C6003A5829 /* tutorialUITests */ = {
			isa = PBXNativeTarget;
			buildConfigurationList = D4315A0125B726C6003A5829 /* Build configuration list for PBXNativeTarget "tutorialUITests" */;
			buildPhases = (
				D43159EE25B726C6003A5829 /* Sources */,
				D43159EF25B726C6003A5829 /* Frameworks */,
				D43159F025B726C6003A5829 /* Resources */,
			);
			buildRules = (
			);
			dependencies = (
				D43159F425B726C6003A5829 /* PBXTargetDependency */,
			);
			name = tutorialUITests;
			productName = tutorialUITests;
			productReference = D43159F225B726C6003A5829 /* tutorialUITests.xctest */;
			productType = "com.apple.product-type.bundle.ui-testing";
		};
/* End PBXNativeTarget section */

/* Begin PBXProject section */
		D43159C925B726C2003A5829 /* Project object */ = {
			isa = PBXProject;
			attributes = {
				LastSwiftUpdateCheck = 1220;
				LastUpgradeCheck = 1220;
				TargetAttributes = {
					D43159D025B726C3003A5829 = {
						CreatedOnToolsVersion = 12.2;
					};
					D43159E625B726C6003A5829 = {
						CreatedOnToolsVersion = 12.2;
						TestTargetID = D43159D025B726C3003A5829;
					};
					D43159F125B726C6003A5829 = {
						CreatedOnToolsVersion = 12.2;
						TestTargetID = D43159D025B726C3003A5829;
					};
				};
			};
			buildConfigurationList = D43159CC25B726C3003A5829 /* Build configuration list for PBXProject "tutorial" */;
			compatibilityVersion = "Xcode 9.3";
			developmentRegion = en;
			hasScannedForEncodings = 0;
			knownRegions = (
				en,
				Base,
			);
			mainGroup = D43159C825B726C2003A5829;
			productRefGroup = D43159D225B726C3003A5829 /* Products */;
			projectDirPath = "";
			projectRoot = "";
			targets = (
				D43159D025B726C3003A5829 /* tutorial */,
				D43159E625B726C6003A5829 /* tutorialTests */,
				D43159F125B726C6003A5829 /* tutorialUITests */,
			);
		};
/* End PBXProject section */

/* Begin PBXResourcesBuildPhase section */
		D43159CF25B726C3003A5829 /* Resources */ = {
			isa = PBXResourcesBuildPhase;
			buildActionMask = 2147483647;
			files = (
				D43159E125B726C5003A5829 /* LaunchScreen.storyboard in Resources */,
				D43159DE25B726C5003A5829 /* Assets.xcassets in Resources */,
				D43159DC25B726C3003A5829 /* Main.storyboard in Resources */,
			);
			runOnlyForDeploymentPostprocessing = 0;
		};
		D43159E525B726C6003A5829 /* Resources */ = {
			isa = PBXResourcesBuildPhase;
			buildActionMask = 2147483647;
			files = (
			);
			runOnlyForDeploymentPostprocessing = 0;
		};
		D43159F025B726C6003A5829 /* Resources */ = {
			isa = PBXResourcesBuildPhase;
			buildActionMask = 2147483647;
			files = (
			);
			runOnlyForDeploymentPostprocessing = 0;
		};
/* End PBXResourcesBuildPhase section */

/* Begin PBXSourcesBuildPhase section */
		D43159CD25B726C3003A5829 /* Sources */ = {
			isa = PBXSourcesBuildPhase;
			buildActionMask = 2147483647;
			files = (
				D43159D925B726C3003A5829 /* ViewController.swift in Sources */,
				D4315A0E25B813EF003A5829 /* FeatureViewController.swift in Sources */,
				D43159D525B726C3003A5829 /* AppDelegate.swift in Sources */,
				D43159D725B726C3003A5829 /* SceneDelegate.swift in Sources */,
			);
			runOnlyForDeploymentPostprocessing = 0;
		};
		D43159E325B726C6003A5829 /* Sources */ = {
			isa = PBXSourcesBuildPhase;
			buildActionMask = 2147483647;
			files = (
				D43159EC25B726C6003A5829 /* tutorialTests.swift in Sources */,
			);
			runOnlyForDeploymentPostprocessing = 0;
		};
		D43159EE25B726C6003A5829 /* Sources */ = {
			isa = PBXSourcesBuildPhase;
			buildActionMask = 2147483647;
			files = (
				D43159F725B726C6003A5829 /* tutorialUITests.swift in Sources */,
			);
			runOnlyForDeploymentPostprocessing = 0;
		};
/* End PBXSourcesBuildPhase section */

/* Begin PBXTargetDependency section */
		D43159E925B726C6003A5829 /* PBXTargetDependency */ = {
			isa = PBXTargetDependency;
			target = D43159D025B726C3003A5829 /* tutorial */;
			targetProxy = D43159E825B726C6003A5829 /* PBXContainerItemProxy */;
		};
		D43159F425B726C6003A5829 /* PBXTargetDependency */ = {
			isa = PBXTargetDependency;
			target = D43159D025B726C3003A5829 /* tutorial */;
			targetProxy = D43159F325B726C6003A5829 /* PBXContainerItemProxy */;
		};
/* End PBXTargetDependency section */

/* Begin PBXVariantGroup section */
		D43159DA25B726C3003A5829 /* Main.storyboard */ = {
			isa = PBXVariantGroup;
			children = (
				D43159DB25B726C3003A5829 /* Base */,
			);
			name = Main.storyboard;
			sourceTree = "<group>";
		};
		D43159DF25B726C5003A5829 /* LaunchScreen.storyboard */ = {
			isa = PBXVariantGroup;
			children = (
				D43159E025B726C5003A5829 /* Base */,
			);
			name = LaunchScreen.storyboard;
			sourceTree = "<group>";
		};
/* End PBXVariantGroup section */

/* Begin XCBuildConfiguration section */
		D43159F925B726C6003A5829 /* Debug */ = {
			isa = XCBuildConfiguration;
			buildSettings = {
				ALWAYS_SEARCH_USER_PATHS = NO;
				CLANG_ANALYZER_NONNULL = YES;
				CLANG_ANALYZER_NUMBER_OBJECT_CONVERSION = YES_AGGRESSIVE;
				CLANG_CXX_LANGUAGE_STANDARD = "gnu++14";
				CLANG_CXX_LIBRARY = "libc++";
				CLANG_ENABLE_MODULES = YES;
				CLANG_ENABLE_OBJC_ARC = YES;
				CLANG_ENABLE_OBJC_WEAK = YES;
				CLANG_WARN_BLOCK_CAPTURE_AUTORELEASING = YES;
				CLANG_WARN_BOOL_CONVERSION = YES;
				CLANG_WARN_COMMA = YES;
				CLANG_WARN_CONSTANT_CONVERSION = YES;
				CLANG_WARN_DEPRECATED_OBJC_IMPLEMENTATIONS = YES;
				CLANG_WARN_DIRECT_OBJC_ISA_USAGE = YES_ERROR;
				CLANG_WARN_DOCUMENTATION_COMMENTS = YES;
				CLANG_WARN_EMPTY_BODY = YES;
				CLANG_WARN_ENUM_CONVERSION = YES;
				CLANG_WARN_INFINITE_RECURSION = YES;
				CLANG_WARN_INT_CONVERSION = YES;
				CLANG_WARN_NON_LITERAL_NULL_CONVERSION = YES;
				CLANG_WARN_OBJC_IMPLICIT_RETAIN_SELF = YES;
				CLANG_WARN_OBJC_LITERAL_CONVERSION = YES;
				CLANG_WARN_OBJC_ROOT_CLASS = YES_ERROR;
				CLANG_WARN_QUOTED_INCLUDE_IN_FRAMEWORK_HEADER = YES;
				CLANG_WARN_RANGE_LOOP_ANALYSIS = YES;
				CLANG_WARN_STRICT_PROTOTYPES = YES;
				CLANG_WARN_SUSPICIOUS_MOVE = YES;
				CLANG_WARN_UNGUARDED_AVAILABILITY = YES_AGGRESSIVE;
				CLANG_WARN_UNREACHABLE_CODE = YES;
				CLANG_WARN__DUPLICATE_METHOD_MATCH = YES;
				COPY_PHASE_STRIP = NO;
				DEBUG_INFORMATION_FORMAT = dwarf;
				ENABLE_STRICT_OBJC_MSGSEND = YES;
				ENABLE_TESTABILITY = YES;
				GCC_C_LANGUAGE_STANDARD = gnu11;
				GCC_DYNAMIC_NO_PIC = NO;
				GCC_NO_COMMON_BLOCKS = YES;
				GCC_OPTIMIZATION_LEVEL = 0;
				GCC_PREPROCESSOR_DEFINITIONS = (
					"DEBUG=1",
					"$(inherited)",
				);
				GCC_WARN_64_TO_32_BIT_CONVERSION = YES;
				GCC_WARN_ABOUT_RETURN_TYPE = YES_ERROR;
				GCC_WARN_UNDECLARED_SELECTOR = YES;
				GCC_WARN_UNINITIALIZED_AUTOS = YES_AGGRESSIVE;
				GCC_WARN_UNUSED_FUNCTION = YES;
				GCC_WARN_UNUSED_VARIABLE = YES;
				IPHONEOS_DEPLOYMENT_TARGET = 14.2;
				MTL_ENABLE_DEBUG_INFO = INCLUDE_SOURCE;
				MTL_FAST_MATH = YES;
				ONLY_ACTIVE_ARCH = YES;
				SDKROOT = iphoneos;
				SWIFT_ACTIVE_COMPILATION_CONDITIONS = DEBUG;
				SWIFT_OPTIMIZATION_LEVEL = "-Onone";
			};
			name = Debug;
		};
		D43159FA25B726C6003A5829 /* Release */ = {
			isa = XCBuildConfiguration;
			buildSettings = {
				ALWAYS_SEARCH_USER_PATHS = NO;
				CLANG_ANALYZER_NONNULL = YES;
				CLANG_ANALYZER_NUMBER_OBJECT_CONVERSION = YES_AGGRESSIVE;
				CLANG_CXX_LANGUAGE_STANDARD = "gnu++14";
				CLANG_CXX_LIBRARY = "libc++";
				CLANG_ENABLE_MODULES = YES;
				CLANG_ENABLE_OBJC_ARC = YES;
				CLANG_ENABLE_OBJC_WEAK = YES;
				CLANG_WARN_BLOCK_CAPTURE_AUTORELEASING = YES;
				CLANG_WARN_BOOL_CONVERSION = YES;
				CLANG_WARN_COMMA = YES;
				CLANG_WARN_CONSTANT_CONVERSION = YES;
				CLANG_WARN_DEPRECATED_OBJC_IMPLEMENTATIONS = YES;
				CLANG_WARN_DIRECT_OBJC_ISA_USAGE = YES_ERROR;
				CLANG_WARN_DOCUMENTATION_COMMENTS = YES;
				CLANG_WARN_EMPTY_BODY = YES;
				CLANG_WARN_ENUM_CONVERSION = YES;
				CLANG_WARN_INFINITE_RECURSION = YES;
				CLANG_WARN_INT_CONVERSION = YES;
				CLANG_WARN_NON_LITERAL_NULL_CONVERSION = YES;
				CLANG_WARN_OBJC_IMPLICIT_RETAIN_SELF = YES;
				CLANG_WARN_OBJC_LITERAL_CONVERSION = YES;
				CLANG_WARN_OBJC_ROOT_CLASS = YES_ERROR;
				CLANG_WARN_QUOTED_INCLUDE_IN_FRAMEWORK_HEADER = YES;
				CLANG_WARN_RANGE_LOOP_ANALYSIS = YES;
				CLANG_WARN_STRICT_PROTOTYPES = YES;
				CLANG_WARN_SUSPICIOUS_MOVE = YES;
				CLANG_WARN_UNGUARDED_AVAILABILITY = YES_AGGRESSIVE;
				CLANG_WARN_UNREACHABLE_CODE = YES;
				CLANG_WARN__DUPLICATE_METHOD_MATCH = YES;
				COPY_PHASE_STRIP = NO;
				DEBUG_INFORMATION_FORMAT = "dwarf-with-dsym";
				ENABLE_NS_ASSERTIONS = NO;
				ENABLE_STRICT_OBJC_MSGSEND = YES;
				GCC_C_LANGUAGE_STANDARD = gnu11;
				GCC_NO_COMMON_BLOCKS = YES;
				GCC_WARN_64_TO_32_BIT_CONVERSION = YES;
				GCC_WARN_ABOUT_RETURN_TYPE = YES_ERROR;
				GCC_WARN_UNDECLARED_SELECTOR = YES;
				GCC_WARN_UNINITIALIZED_AUTOS = YES_AGGRESSIVE;
				GCC_WARN_UNUSED_FUNCTION = YES;
				GCC_WARN_UNUSED_VARIABLE = YES;
				IPHONEOS_DEPLOYMENT_TARGET = 14.2;
				MTL_ENABLE_DEBUG_INFO = NO;
				MTL_FAST_MATH = YES;
				SDKROOT = iphoneos;
				SWIFT_COMPILATION_MODE = wholemodule;
				SWIFT_OPTIMIZATION_LEVEL = "-O";
				VALIDATE_PRODUCT = YES;
			};
			name = Release;
		};
		D43159FC25B726C6003A5829 /* Debug */ = {
			isa = XCBuildConfiguration;
			buildSettings = {
				ASSETCATALOG_COMPILER_APPICON_NAME = AppIcon;
				ASSETCATALOG_COMPILER_GLOBAL_ACCENT_COLOR_NAME = AccentColor;
				CODE_SIGN_STYLE = Automatic;
				INFOPLIST_FILE = tutorial/Info.plist;
				LD_RUNPATH_SEARCH_PATHS = (
					"$(inherited)",
					"@executable_path/Frameworks",
				);
				PRODUCT_BUNDLE_IDENTIFIER = kakeru.geek.tutorial;
				PRODUCT_NAME = "$(TARGET_NAME)";
				SWIFT_VERSION = 5.0;
				TARGETED_DEVICE_FAMILY = "1,2";
			};
			name = Debug;
		};
		D43159FD25B726C6003A5829 /* Release */ = {
			isa = XCBuildConfiguration;
			buildSettings = {
				ASSETCATALOG_COMPILER_APPICON_NAME = AppIcon;
				ASSETCATALOG_COMPILER_GLOBAL_ACCENT_COLOR_NAME = AccentColor;
				CODE_SIGN_STYLE = Automatic;
				INFOPLIST_FILE = tutorial/Info.plist;
				LD_RUNPATH_SEARCH_PATHS = (
					"$(inherited)",
					"@executable_path/Frameworks",
				);
				PRODUCT_BUNDLE_IDENTIFIER = kakeru.geek.tutorial;
				PRODUCT_NAME = "$(TARGET_NAME)";
				SWIFT_VERSION = 5.0;
				TARGETED_DEVICE_FAMILY = "1,2";
			};
			name = Release;
		};
		D43159FF25B726C6003A5829 /* Debug */ = {
			isa = XCBuildConfiguration;
			buildSettings = {
				ALWAYS_EMBED_SWIFT_STANDARD_LIBRARIES = YES;
				BUNDLE_LOADER = "$(TEST_HOST)";
				CODE_SIGN_STYLE = Automatic;
				INFOPLIST_FILE = tutorialTests/Info.plist;
				IPHONEOS_DEPLOYMENT_TARGET = 14.2;
				LD_RUNPATH_SEARCH_PATHS = (
					"$(inherited)",
					"@executable_path/Frameworks",
					"@loader_path/Frameworks",
				);
				PRODUCT_BUNDLE_IDENTIFIER = kakeru.geek.tutorialTests;
				PRODUCT_NAME = "$(TARGET_NAME)";
				SWIFT_VERSION = 5.0;
				TARGETED_DEVICE_FAMILY = "1,2";
				TEST_HOST = "$(BUILT_PRODUCTS_DIR)/tutorial.app/tutorial";
			};
			name = Debug;
		};
		D4315A0025B726C6003A5829 /* Release */ = {
			isa = XCBuildConfiguration;
			buildSettings = {
				ALWAYS_EMBED_SWIFT_STANDARD_LIBRARIES = YES;
				BUNDLE_LOADER = "$(TEST_HOST)";
				CODE_SIGN_STYLE = Automatic;
				INFOPLIST_FILE = tutorialTests/Info.plist;
				IPHONEOS_DEPLOYMENT_TARGET = 14.2;
				LD_RUNPATH_SEARCH_PATHS = (
					"$(inherited)",
					"@executable_path/Frameworks",
					"@loader_path/Frameworks",
				);
				PRODUCT_BUNDLE_IDENTIFIER = kakeru.geek.tutorialTests;
				PRODUCT_NAME = "$(TARGET_NAME)";
				SWIFT_VERSION = 5.0;
				TARGETED_DEVICE_FAMILY = "1,2";
				TEST_HOST = "$(BUILT_PRODUCTS_DIR)/tutorial.app/tutorial";
			};
			name = Release;
		};
		D4315A0225B726C6003A5829 /* Debug */ = {
			isa = XCBuildConfiguration;
			buildSettings = {
				ALWAYS_EMBED_SWIFT_STANDARD_LIBRARIES = YES;
				CODE_SIGN_STYLE = Automatic;
				INFOPLIST_FILE = tutorialUITests/Info.plist;
				LD_RUNPATH_SEARCH_PATHS = (
					"$(inherited)",
					"@executable_path/Frameworks",
					"@loader_path/Frameworks",
				);
				PRODUCT_BUNDLE_IDENTIFIER = kakeru.geek.tutorialUITests;
				PRODUCT_NAME = "$(TARGET_NAME)";
				SWIFT_VERSION = 5.0;
				TARGETED_DEVICE_FAMILY = "1,2";
				TEST_TARGET_NAME = tutorial;
			};
			name = Debug;
		};
		D4315A0325B726C6003A5829 /* Release */ = {
			isa = XCBuildConfiguration;
			buildSettings = {
				ALWAYS_EMBED_SWIFT_STANDARD_LIBRARIES = YES;
				CODE_SIGN_STYLE = Automatic;
				INFOPLIST_FILE = tutorialUITests/Info.plist;
				LD_RUNPATH_SEARCH_PATHS = (
					"$(inherited)",
					"@executable_path/Frameworks",
					"@loader_path/Frameworks",
				);
				PRODUCT_BUNDLE_IDENTIFIER = kakeru.geek.tutorialUITests;
				PRODUCT_NAME = "$(TARGET_NAME)";
				SWIFT_VERSION = 5.0;
				TARGETED_DEVICE_FAMILY = "1,2";
				TEST_TARGET_NAME = tutorial;
			};
			name = Release;
		};
/* End XCBuildConfiguration section */

/* Begin XCConfigurationList section */
		D43159CC25B726C3003A5829 /* Build configuration list for PBXProject "tutorial" */ = {
			isa = XCConfigurationList;
			buildConfigurations = (
				D43159F925B726C6003A5829 /* Debug */,
				D43159FA25B726C6003A5829 /* Release */,
			);
			defaultConfigurationIsVisible = 0;
			defaultConfigurationName = Release;
		};
		D43159FB25B726C6003A5829 /* Build configuration list for PBXNativeTarget "tutorial" */ = {
			isa = XCConfigurationList;
			buildConfigurations = (
				D43159FC25B726C6003A5829 /* Debug */,
				D43159FD25B726C6003A5829 /* Release */,
			);
			defaultConfigurationIsVisible = 0;
			defaultConfigurationName = Release;
		};
		D43159FE25B726C6003A5829 /* Build configuration list for PBXNativeTarget "tutorialTests" */ = {
			isa = XCConfigurationList;
			buildConfigurations = (
				D43159FF25B726C6003A5829 /* Debug */,
				D4315A0025B726C6003A5829 /* Release */,
			);
			defaultConfigurationIsVisible = 0;
			defaultConfigurationName = Release;
		};
		D4315A0125B726C6003A5829 /* Build configuration list for PBXNativeTarget "tutorialUITests" */ = {
			isa = XCConfigurationList;
			buildConfigurations = (
				D4315A0225B726C6003A5829 /* Debug */,
				D4315A0325B726C6003A5829 /* Release */,
			);
			defaultConfigurationIsVisible = 0;
			defaultConfigurationName = Release;
		};
/* End XCConfigurationList section */
	};
	rootObject = D43159C925B726C2003A5829 /* Project object */;
}
